# THIS IS AN AUTOGENERATED FILE. DO NOT EDIT THIS FILE DIRECTLY.
# yarn lockfile v1


"@web3api/templates@0.0.1-prealpha.59":
  version "0.0.1-prealpha.59"
  resolved "https://registry.yarnpkg.com/@web3api/templates/-/templates-0.0.1-prealpha.59.tgz#ab5ab786bae11364fdb818cf6629a29d9a1a077a"
  integrity sha512-Twl2Lk3s3sxf91DAKcry8oSKQ8DTBvz2luNXyci5DJiBZpwuZkgQ6YKYHMPTYFzVN+FrJkz16MVUYiXb2xiH0A==
