# THIS IS AN AUTOGENERATED FILE. DO NOT EDIT THIS FILE DIRECTLY.
# yarn lockfile v1


"@web3api/templates@0.0.1-prealpha.61":
  version "0.0.1-prealpha.61"
  resolved "https://registry.yarnpkg.com/@web3api/templates/-/templates-0.0.1-prealpha.61.tgz#099608ae7752a7cc8cf3a2462a1170e7ed3ca23e"
  integrity sha512-qrkFHqrbCbpPTw712rdux8mKqfvl+PCWLnl4uCmBWNn5TFhP1FJXDNB3i5PLy/GSp8RjeDQtUZAqSc2Po59bPg==
